
Microsoft Visual Studio Solution File, Format Version 12.00
# Visual Studio 2013
VisualStudioVersion = 12.0.40629.0
MinimumVisualStudioVersion = 10.0.40219.1
Project("{FAE04EC0-301F-11D3-BF4B-00C04F79EFBC}") = "SplendorCommonLibrary.Tests", "SplendorCommonLibrary.Tests\SplendorCommonLibrary.Tests.csproj", "{3C47387B-44B1-4C49-ACFC-B890BB851803}"
EndProject
Project("{FAE04EC0-301F-11D3-BF4B-00C04F79EFBC}") = "SplendorCommonLibrary", "SplendorCommonLibrary\SplendorCommonLibrary.csproj", "{D36F7689-E5C6-4628-A9D5-329E955BD2EF}"
EndProject
Project("{FAE04EC0-301F-11D3-BF4B-00C04F79EFBC}") = "SplendorConsoleServer", "SplendorConsoleServer\SplendorConsoleServer.csproj", "{83679004-E7E5-4F5B-94B5-BE981EFC12AB}"
EndProject
Project("{FAE04EC0-301F-11D3-BF4B-00C04F79EFBC}") = "SplendorConsoleClient", "SplendorConsoleClient\SplendorConsoleClient.csproj", "{E155F706-B0B5-43D0-B4B9-7D10399DF561}"
EndProject
Project("{FAE04EC0-301F-11D3-BF4B-00C04F79EFBC}") = "SplendorFormsClient", "SplendorFormsClient\SplendorFormsClient.csproj", "{3F8C8959-748E-47FE-A81E-2208420AAA6B}"
EndProject
Global
	GlobalSection(SolutionConfigurationPlatforms) = preSolution
		Debug|Any CPU = Debug|Any CPU
		Release|Any CPU = Release|Any CPU
	EndGlobalSection
	GlobalSection(ProjectConfigurationPlatforms) = postSolution
		{3C47387B-44B1-4C49-ACFC-B890BB851803}.Debug|Any CPU.ActiveCfg = Debug|Any CPU
		{3C47387B-44B1-4C49-ACFC-B890BB851803}.Debug|Any CPU.Build.0 = Debug|Any CPU
		{3C47387B-44B1-4C49-ACFC-B890BB851803}.Release|Any CPU.ActiveCfg = Release|Any CPU
		{3C47387B-44B1-4C49-ACFC-B890BB851803}.Release|Any CPU.Build.0 = Release|Any CPU
		{D36F7689-E5C6-4628-A9D5-329E955BD2EF}.Debug|Any CPU.ActiveCfg = Debug|Any CPU
		{D36F7689-E5C6-4628-A9D5-329E955BD2EF}.Debug|Any CPU.Build.0 = Debug|Any CPU
		{D36F7689-E5C6-4628-A9D5-329E955BD2EF}.Release|Any CPU.ActiveCfg = Release|Any CPU
		{D36F7689-E5C6-4628-A9D5-329E955BD2EF}.Release|Any CPU.Build.0 = Release|Any CPU
		{83679004-E7E5-4F5B-94B5-BE981EFC12AB}.Debug|Any CPU.ActiveCfg = Debug|Any CPU
		{83679004-E7E5-4F5B-94B5-BE981EFC12AB}.Debug|Any CPU.Build.0 = Debug|Any CPU
		{83679004-E7E5-4F5B-94B5-BE981EFC12AB}.Release|Any CPU.ActiveCfg = Release|Any CPU
		{83679004-E7E5-4F5B-94B5-BE981EFC12AB}.Release|Any CPU.Build.0 = Release|Any CPU
		{E155F706-B0B5-43D0-B4B9-7D10399DF561}.Debug|Any CPU.ActiveCfg = Debug|Any CPU
		{E155F706-B0B5-43D0-B4B9-7D10399DF561}.Debug|Any CPU.Build.0 = Debug|Any CPU
		{E155F706-B0B5-43D0-B4B9-7D10399DF561}.Release|Any CPU.ActiveCfg = Release|Any CPU
		{E155F706-B0B5-43D0-B4B9-7D10399DF561}.Release|Any CPU.Build.0 = Release|Any CPU
		{3F8C8959-748E-47FE-A81E-2208420AAA6B}.Debug|Any CPU.ActiveCfg = Debug|Any CPU
		{3F8C8959-748E-47FE-A81E-2208420AAA6B}.Debug|Any CPU.Build.0 = Debug|Any CPU
		{3F8C8959-748E-47FE-A81E-2208420AAA6B}.Release|Any CPU.ActiveCfg = Release|Any CPU
		{3F8C8959-748E-47FE-A81E-2208420AAA6B}.Release|Any CPU.Build.0 = Release|Any CPU
	EndGlobalSection
	GlobalSection(SolutionProperties) = preSolution
		HideSolutionNode = FALSE
	EndGlobalSection
EndGlobal
